
Microsoft Visual Studio Solution File, Format Version 12.00
# Visual Studio Version 17
VisualStudioVersion = 17.5.002.0
MinimumVisualStudioVersion = 10.0.40219.1
Project("{2150E333-8FDC-42A3-9474-1A3956D46DE8}") = "csharp-prep", "csharp-prep", "{382BDD86-01A0-4B31-9E87-FBD5DE4D139C}"
EndProject
Project("{9A19103F-16F7-4668-BE54-9A1E7A4F7556}") = "Prep1", "csharp-prep\Prep1\Prep1.csproj", "{3CB411CF-6A5B-4A84-807D-049FA3E27403}"
EndProject
Project("{9A19103F-16F7-4668-BE54-9A1E7A4F7556}") = "Prep2", "csharp-prep\Prep2\Prep2.csproj", "{BA7C6A20-F923-4646-B8BF-443D016CE0FF}"
EndProject
Project("{9A19103F-16F7-4668-BE54-9A1E7A4F7556}") = "Prep3", "csharp-prep\Prep3\Prep3.csproj", "{1FE3BEC0-4901-47F8-9DBB-21C3938D7A37}"
EndProject
Project("{9A19103F-16F7-4668-BE54-9A1E7A4F7556}") = "Prep4", "csharp-prep\Prep4\Prep4.csproj", "{C403EC7C-10F8-4336-AC80-FD67D0E50832}"
EndProject
Project("{9A19103F-16F7-4668-BE54-9A1E7A4F7556}") = "Prep5", "csharp-prep\Prep5\Prep5.csproj", "{53B62349-BBD2-4E7D-BC47-61E191E6F0A9}"
EndProject
Project("{2150E333-8FDC-42A3-9474-1A3956D46DE8}") = "final", "final", "{67194815-DD1C-42E6-8E36-4135DE065278}"
EndProject
Project("{9A19103F-16F7-4668-BE54-9A1E7A4F7556}") = "FinalProject", "final\FinalProject\FinalProject.csproj", "{6F04963B-8F47-409E-875F-275DA616B282}"
EndProject
Project("{9A19103F-16F7-4668-BE54-9A1E7A4F7556}") = "Foundation1", "final\Foundation1\Foundation1.csproj", "{1F407401-E608-4104-8390-00796C5013A2}"
EndProject
Project("{9A19103F-16F7-4668-BE54-9A1E7A4F7556}") = "Foundation2", "final\Foundation2\Foundation2.csproj", "{DF24CB68-2FE2-4058-B84A-36783C3C8861}"
EndProject
Project("{9A19103F-16F7-4668-BE54-9A1E7A4F7556}") = "Foundation3", "final\Foundation3\Foundation3.csproj", "{8153B4CE-6E4C-4C46-9D83-31337A33A2A1}"
EndProject
Project("{9A19103F-16F7-4668-BE54-9A1E7A4F7556}") = "Foundation4", "final\Foundation4\Foundation4.csproj", "{065A0A39-9D90-41CA-AEE4-E1176972FFA9}"
EndProject
Project("{2150E333-8FDC-42A3-9474-1A3956D46DE8}") = "prepare", "prepare", "{BCE7038D-D82E-4E73-9974-82AE7E3568FA}"
EndProject
Project("{9A19103F-16F7-4668-BE54-9A1E7A4F7556}") = "Learning02", "prepare\Learning02\Learning02.csproj", "{B14D27F7-BE43-4BE2-93BA-CFAD48FD1166}"
EndProject
Project("{9A19103F-16F7-4668-BE54-9A1E7A4F7556}") = "Learning03", "prepare\Learning03\Learning03.csproj", "{CA7D75A7-1003-4E5E-8F77-17419BEFF07F}"
EndProject
Project("{9A19103F-16F7-4668-BE54-9A1E7A4F7556}") = "Learning04", "prepare\Learning04\Learning04.csproj", "{CCDB9716-6901-4DE8-B02E-60722C630265}"
EndProject
Project("{9A19103F-16F7-4668-BE54-9A1E7A4F7556}") = "Learning05", "prepare\Learning05\Learning05.csproj", "{212CCA94-E62E-440C-9D3C-2839291E6D43}"
EndProject
Project("{2150E333-8FDC-42A3-9474-1A3956D46DE8}") = "prove", "prove", "{683643A1-226A-4610-BA9A-9904B9D6F7FE}"
EndProject
Project("{9A19103F-16F7-4668-BE54-9A1E7A4F7556}") = "Develop02", "prove\Develop02\Develop02.csproj", "{E2A60F77-CC98-4AA1-9C4D-E520AB7615C3}"
EndProject
Project("{9A19103F-16F7-4668-BE54-9A1E7A4F7556}") = "Develop03", "prove\Develop03\Develop03.csproj", "{E5FD339E-325A-4484-90B7-EFCA1F235783}"
EndProject
Project("{9A19103F-16F7-4668-BE54-9A1E7A4F7556}") = "Develop04", "prove\Develop04\Develop04.csproj", "{B399CEF7-D614-44B5-AD5D-262B1B02CB33}"
EndProject
Project("{9A19103F-16F7-4668-BE54-9A1E7A4F7556}") = "Develop05", "prove\Develop05\Develop05.csproj", "{1BC9C784-F452-4E6A-9F0C-604C822EA778}"
EndProject
Project("{2150E333-8FDC-42A3-9474-1A3956D46DE8}") = "sandbox", "sandbox", "{0E82CD96-CE63-47D9-8B1C-B39EDB264BE2}"
EndProject
Project("{9A19103F-16F7-4668-BE54-9A1E7A4F7556}") = "Sandbox", "sandbox\Sandbox\Sandbox.csproj", "{5F9F32B7-12DE-4743-9426-D4EB385483A4}"
EndProject
Global
	GlobalSection(SolutionConfigurationPlatforms) = preSolution
		Debug|Any CPU = Debug|Any CPU
		Release|Any CPU = Release|Any CPU
	EndGlobalSection
	GlobalSection(ProjectConfigurationPlatforms) = postSolution
		{3CB411CF-6A5B-4A84-807D-049FA3E27403}.Debug|Any CPU.ActiveCfg = Debug|Any CPU
		{3CB411CF-6A5B-4A84-807D-049FA3E27403}.Debug|Any CPU.Build.0 = Debug|Any CPU
		{3CB411CF-6A5B-4A84-807D-049FA3E27403}.Release|Any CPU.ActiveCfg = Release|Any CPU
		{3CB411CF-6A5B-4A84-807D-049FA3E27403}.Release|Any CPU.Build.0 = Release|Any CPU
		{BA7C6A20-F923-4646-B8BF-443D016CE0FF}.Debug|Any CPU.ActiveCfg = Debug|Any CPU
		{BA7C6A20-F923-4646-B8BF-443D016CE0FF}.Debug|Any CPU.Build.0 = Debug|Any CPU
		{BA7C6A20-F923-4646-B8BF-443D016CE0FF}.Release|Any CPU.ActiveCfg = Release|Any CPU
		{BA7C6A20-F923-4646-B8BF-443D016CE0FF}.Release|Any CPU.Build.0 = Release|Any CPU
		{1FE3BEC0-4901-47F8-9DBB-21C3938D7A37}.Debug|Any CPU.ActiveCfg = Debug|Any CPU
		{1FE3BEC0-4901-47F8-9DBB-21C3938D7A37}.Debug|Any CPU.Build.0 = Debug|Any CPU
		{1FE3BEC0-4901-47F8-9DBB-21C3938D7A37}.Release|Any CPU.ActiveCfg = Release|Any CPU
		{1FE3BEC0-4901-47F8-9DBB-21C3938D7A37}.Release|Any CPU.Build.0 = Release|Any CPU
		{C403EC7C-10F8-4336-AC80-FD67D0E50832}.Debug|Any CPU.ActiveCfg = Debug|Any CPU
		{C403EC7C-10F8-4336-AC80-FD67D0E50832}.Debug|Any CPU.Build.0 = Debug|Any CPU
		{C403EC7C-10F8-4336-AC80-FD67D0E50832}.Release|Any CPU.ActiveCfg = Release|Any CPU
		{C403EC7C-10F8-4336-AC80-FD67D0E50832}.Release|Any CPU.Build.0 = Release|Any CPU
		{53B62349-BBD2-4E7D-BC47-61E191E6F0A9}.Debug|Any CPU.ActiveCfg = Debug|Any CPU
		{53B62349-BBD2-4E7D-BC47-61E191E6F0A9}.Debug|Any CPU.Build.0 = Debug|Any CPU
		{53B62349-BBD2-4E7D-BC47-61E191E6F0A9}.Release|Any CPU.ActiveCfg = Release|Any CPU
		{53B62349-BBD2-4E7D-BC47-61E191E6F0A9}.Release|Any CPU.Build.0 = Release|Any CPU
		{6F04963B-8F47-409E-875F-275DA616B282}.Debug|Any CPU.ActiveCfg = Debug|Any CPU
		{6F04963B-8F47-409E-875F-275DA616B282}.Debug|Any CPU.Build.0 = Debug|Any CPU
		{6F04963B-8F47-409E-875F-275DA616B282}.Release|Any CPU.ActiveCfg = Release|Any CPU
		{6F04963B-8F47-409E-875F-275DA616B282}.Release|Any CPU.Build.0 = Release|Any CPU
		{1F407401-E608-4104-8390-00796C5013A2}.Debug|Any CPU.ActiveCfg = Debug|Any CPU
		{1F407401-E608-4104-8390-00796C5013A2}.Debug|Any CPU.Build.0 = Debug|Any CPU
		{1F407401-E608-4104-8390-00796C5013A2}.Release|Any CPU.ActiveCfg = Release|Any CPU
		{1F407401-E608-4104-8390-00796C5013A2}.Release|Any CPU.Build.0 = Release|Any CPU
		{DF24CB68-2FE2-4058-B84A-36783C3C8861}.Debug|Any CPU.ActiveCfg = Debug|Any CPU
		{DF24CB68-2FE2-4058-B84A-36783C3C8861}.Debug|Any CPU.Build.0 = Debug|Any CPU
		{DF24CB68-2FE2-4058-B84A-36783C3C8861}.Release|Any CPU.ActiveCfg = Release|Any CPU
		{DF24CB68-2FE2-4058-B84A-36783C3C8861}.Release|Any CPU.Build.0 = Release|Any CPU
		{8153B4CE-6E4C-4C46-9D83-31337A33A2A1}.Debug|Any CPU.ActiveCfg = Debug|Any CPU
		{8153B4CE-6E4C-4C46-9D83-31337A33A2A1}.Debug|Any CPU.Build.0 = Debug|Any CPU
		{8153B4CE-6E4C-4C46-9D83-31337A33A2A1}.Release|Any CPU.ActiveCfg = Release|Any CPU
		{8153B4CE-6E4C-4C46-9D83-31337A33A2A1}.Release|Any CPU.Build.0 = Release|Any CPU
		{065A0A39-9D90-41CA-AEE4-E1176972FFA9}.Debug|Any CPU.ActiveCfg = Debug|Any CPU
		{065A0A39-9D90-41CA-AEE4-E1176972FFA9}.Debug|Any CPU.Build.0 = Debug|Any CPU
		{065A0A39-9D90-41CA-AEE4-E1176972FFA9}.Release|Any CPU.ActiveCfg = Release|Any CPU
		{065A0A39-9D90-41CA-AEE4-E1176972FFA9}.Release|Any CPU.Build.0 = Release|Any CPU
		{B14D27F7-BE43-4BE2-93BA-CFAD48FD1166}.Debug|Any CPU.ActiveCfg = Debug|Any CPU
		{B14D27F7-BE43-4BE2-93BA-CFAD48FD1166}.Debug|Any CPU.Build.0 = Debug|Any CPU
		{B14D27F7-BE43-4BE2-93BA-CFAD48FD1166}.Release|Any CPU.ActiveCfg = Release|Any CPU
		{B14D27F7-BE43-4BE2-93BA-CFAD48FD1166}.Release|Any CPU.Build.0 = Release|Any CPU
		{CA7D75A7-1003-4E5E-8F77-17419BEFF07F}.Debug|Any CPU.ActiveCfg = Debug|Any CPU
		{CA7D75A7-1003-4E5E-8F77-17419BEFF07F}.Debug|Any CPU.Build.0 = Debug|Any CPU
		{CA7D75A7-1003-4E5E-8F77-17419BEFF07F}.Release|Any CPU.ActiveCfg = Release|Any CPU
		{CA7D75A7-1003-4E5E-8F77-17419BEFF07F}.Release|Any CPU.Build.0 = Release|Any CPU
		{CCDB9716-6901-4DE8-B02E-60722C630265}.Debug|Any CPU.ActiveCfg = Debug|Any CPU
		{CCDB9716-6901-4DE8-B02E-60722C630265}.Debug|Any CPU.Build.0 = Debug|Any CPU
		{CCDB9716-6901-4DE8-B02E-60722C630265}.Release|Any CPU.ActiveCfg = Release|Any CPU
		{CCDB9716-6901-4DE8-B02E-60722C630265}.Release|Any CPU.Build.0 = Release|Any CPU
		{212CCA94-E62E-440C-9D3C-2839291E6D43}.Debug|Any CPU.ActiveCfg = Debug|Any CPU
		{212CCA94-E62E-440C-9D3C-2839291E6D43}.Debug|Any CPU.Build.0 = Debug|Any CPU
		{212CCA94-E62E-440C-9D3C-2839291E6D43}.Release|Any CPU.ActiveCfg = Release|Any CPU
		{212CCA94-E62E-440C-9D3C-2839291E6D43}.Release|Any CPU.Build.0 = Release|Any CPU
		{E2A60F77-CC98-4AA1-9C4D-E520AB7615C3}.Debug|Any CPU.ActiveCfg = Debug|Any CPU
		{E2A60F77-CC98-4AA1-9C4D-E520AB7615C3}.Debug|Any CPU.Build.0 = Debug|Any CPU
		{E2A60F77-CC98-4AA1-9C4D-E520AB7615C3}.Release|Any CPU.ActiveCfg = Release|Any CPU
		{E2A60F77-CC98-4AA1-9C4D-E520AB7615C3}.Release|Any CPU.Build.0 = Release|Any CPU
		{E5FD339E-325A-4484-90B7-EFCA1F235783}.Debug|Any CPU.ActiveCfg = Debug|Any CPU
		{E5FD339E-325A-4484-90B7-EFCA1F235783}.Debug|Any CPU.Build.0 = Debug|Any CPU
		{E5FD339E-325A-4484-90B7-EFCA1F235783}.Release|Any CPU.ActiveCfg = Release|Any CPU
		{E5FD339E-325A-4484-90B7-EFCA1F235783}.Release|Any CPU.Build.0 = Release|Any CPU
		{B399CEF7-D614-44B5-AD5D-262B1B02CB33}.Debug|Any CPU.ActiveCfg = Debug|Any CPU
		{B399CEF7-D614-44B5-AD5D-262B1B02CB33}.Debug|Any CPU.Build.0 = Debug|Any CPU
		{B399CEF7-D614-44B5-AD5D-262B1B02CB33}.Release|Any CPU.ActiveCfg = Release|Any CPU
		{B399CEF7-D614-44B5-AD5D-262B1B02CB33}.Release|Any CPU.Build.0 = Release|Any CPU
		{1BC9C784-F452-4E6A-9F0C-604C822EA778}.Debug|Any CPU.ActiveCfg = Debug|Any CPU
		{1BC9C784-F452-4E6A-9F0C-604C822EA778}.Debug|Any CPU.Build.0 = Debug|Any CPU
		{1BC9C784-F452-4E6A-9F0C-604C822EA778}.Release|Any CPU.ActiveCfg = Release|Any CPU
		{1BC9C784-F452-4E6A-9F0C-604C822EA778}.Release|Any CPU.Build.0 = Release|Any CPU
		{5F9F32B7-12DE-4743-9426-D4EB385483A4}.Debug|Any CPU.ActiveCfg = Debug|Any CPU
		{5F9F32B7-12DE-4743-9426-D4EB385483A4}.Debug|Any CPU.Build.0 = Debug|Any CPU
		{5F9F32B7-12DE-4743-9426-D4EB385483A4}.Release|Any CPU.ActiveCfg = Release|Any CPU
		{5F9F32B7-12DE-4743-9426-D4EB385483A4}.Release|Any CPU.Build.0 = Release|Any CPU
	EndGlobalSection
	GlobalSection(SolutionProperties) = preSolution
		HideSolutionNode = FALSE
	EndGlobalSection
	GlobalSection(NestedProjects) = preSolution
		{3CB411CF-6A5B-4A84-807D-049FA3E27403} = {382BDD86-01A0-4B31-9E87-FBD5DE4D139C}
		{BA7C6A20-F923-4646-B8BF-443D016CE0FF} = {382BDD86-01A0-4B31-9E87-FBD5DE4D139C}
		{1FE3BEC0-4901-47F8-9DBB-21C3938D7A37} = {382BDD86-01A0-4B31-9E87-FBD5DE4D139C}
		{C403EC7C-10F8-4336-AC80-FD67D0E50832} = {382BDD86-01A0-4B31-9E87-FBD5DE4D139C}
		{53B62349-BBD2-4E7D-BC47-61E191E6F0A9} = {382BDD86-01A0-4B31-9E87-FBD5DE4D139C}
		{6F04963B-8F47-409E-875F-275DA616B282} = {67194815-DD1C-42E6-8E36-4135DE065278}
		{1F407401-E608-4104-8390-00796C5013A2} = {67194815-DD1C-42E6-8E36-4135DE065278}
		{DF24CB68-2FE2-4058-B84A-36783C3C8861} = {67194815-DD1C-42E6-8E36-4135DE065278}
		{8153B4CE-6E4C-4C46-9D83-31337A33A2A1} = {67194815-DD1C-42E6-8E36-4135DE065278}
		{065A0A39-9D90-41CA-AEE4-E1176972FFA9} = {67194815-DD1C-42E6-8E36-4135DE065278}
		{B14D27F7-BE43-4BE2-93BA-CFAD48FD1166} = {BCE7038D-D82E-4E73-9974-82AE7E3568FA}
		{CA7D75A7-1003-4E5E-8F77-17419BEFF07F} = {BCE7038D-D82E-4E73-9974-82AE7E3568FA}
		{CCDB9716-6901-4DE8-B02E-60722C630265} = {BCE7038D-D82E-4E73-9974-82AE7E3568FA}
		{212CCA94-E62E-440C-9D3C-2839291E6D43} = {BCE7038D-D82E-4E73-9974-82AE7E3568FA}
		{E2A60F77-CC98-4AA1-9C4D-E520AB7615C3} = {683643A1-226A-4610-BA9A-9904B9D6F7FE}
		{E5FD339E-325A-4484-90B7-EFCA1F235783} = {683643A1-226A-4610-BA9A-9904B9D6F7FE}
		{B399CEF7-D614-44B5-AD5D-262B1B02CB33} = {683643A1-226A-4610-BA9A-9904B9D6F7FE}
		{1BC9C784-F452-4E6A-9F0C-604C822EA778} = {683643A1-226A-4610-BA9A-9904B9D6F7FE}
		{5F9F32B7-12DE-4743-9426-D4EB385483A4} = {0E82CD96-CE63-47D9-8B1C-B39EDB264BE2}
	EndGlobalSection
	GlobalSection(ExtensibilityGlobals) = postSolution
		SolutionGuid = {FA9F3BB3-4C39-40AF-8E90-ABBA975410AA}
	EndGlobalSection
EndGlobal
